
Microsoft Visual Studio Solution File, Format Version 12.00
# Visual Studio Version 17
VisualStudioVersion = 17.14.37027.9 d17.14
MinimumVisualStudioVersion = 10.0.40219.1
Project("{FAE04EC0-301F-11D3-BF4B-00C04F79EFBC}") = "DataVerseManager", "DataVerseManager.csproj", "{4E76F39F-E659-4B51-B691-A4D957FFCDBF}"
EndProject
Global
	GlobalSection(SolutionConfigurationPlatforms) = preSolution
		Debug|Any CPU = Debug|Any CPU
		Release|Any CPU = Release|Any CPU
	EndGlobalSection
	GlobalSection(ProjectConfigurationPlatforms) = postSolution
		{4E76F39F-E659-4B51-B691-A4D957FFCDBF}.Debug|Any CPU.ActiveCfg = Debug|Any CPU
		{4E76F39F-E659-4B51-B691-A4D957FFCDBF}.Debug|Any CPU.Build.0 = Debug|Any CPU
		{4E76F39F-E659-4B51-B691-A4D957FFCDBF}.Release|Any CPU.ActiveCfg = Release|Any CPU
		{4E76F39F-E659-4B51-B691-A4D957FFCDBF}.Release|Any CPU.Build.0 = Release|Any CPU
	EndGlobalSection
	GlobalSection(SolutionProperties) = preSolution
		HideSolutionNode = FALSE
	EndGlobalSection
	GlobalSection(ExtensibilityGlobals) = postSolution
		SolutionGuid = {3954648D-6F18-4191-9E60-6B4C0ABB67CF}
	EndGlobalSection
EndGlobal
